
Microsoft Visual Studio Solution File, Format Version 12.00
# Visual Studio Version 17
VisualStudioVersion = 17.0.31903.59
MinimumVisualStudioVersion = 10.0.40219.1
Project("{2150E333-8FDC-42A3-9474-1A3956D46DE8}") = "ServerSide", "ServerSide", "{8B1CF414-0CE6-417F-ADF5-439AAD18C32A}"
EndProject
Project("{2150E333-8FDC-42A3-9474-1A3956D46DE8}") = "Tests", "Tests", "{424EADD2-AA3E-45BF-8B77-50F1F399618A}"
EndProject
Project("{2150E333-8FDC-42A3-9474-1A3956D46DE8}") = "SDK", "SDK", "{3DB2FDDC-0A66-4F73-B3F7-D31003ABFAC7}"
EndProject
Project("{2150E333-8FDC-42A3-9474-1A3956D46DE8}") = "V1", "V1", "{BA899A37-72A0-4B87-9F03-94709ED2039F}"
EndProject
Project("{2150E333-8FDC-42A3-9474-1A3956D46DE8}") = "V2", "V2", "{AB8BA903-47D8-4F78-8535-FE9E685D3A98}"
EndProject
Project("{9A19103F-16F7-4668-BE54-9A1E7A4F7556}") = "IdpCloud.Sdk", "V2\IdpCloud.Sdk\IdpCloud.Sdk.csproj", "{130E56ED-75E2-42D7-93AC-21C742DDA6CF}"
EndProject
Project("{9A19103F-16F7-4668-BE54-9A1E7A4F7556}") = "IdpCloud.Common", "V2\IdpCloud.Common\IdpCloud.Common.csproj", "{010A0545-17AF-4DAE-B870-E4C48E0ABAF0}"
EndProject
Project("{9A19103F-16F7-4668-BE54-9A1E7A4F7556}") = "IdpCloud.DataProvider", "V2\IdpCloud.DataProvider\IdpCloud.DataProvider.csproj", "{F9CADA13-9445-4605-BD62-B9EB3DB5317A}"
EndProject
Project("{9A19103F-16F7-4668-BE54-9A1E7A4F7556}") = "IdpCloud.ServiceProvider", "V2\IdpCloud.ServiceProvider\IdpCloud.ServiceProvider.csproj", "{971077BC-8D6F-4F4D-8512-B1DD4A745A26}"
EndProject
Project("{9A19103F-16F7-4668-BE54-9A1E7A4F7556}") = "IdpCloud.REST", "V2\IdpCloud.REST\IdpCloud.REST.csproj", "{C3DCC656-8145-43C6-BF48-D94F22D605E0}"
EndProject
Project("{9A19103F-16F7-4668-BE54-9A1E7A4F7556}") = "IdpCloud.Tests", "V2\IdpCloud.Tests\IdpCloud.Tests.csproj", "{B858CB23-2629-4509-B917-8A577C697375}"
EndProject
Project("{9A19103F-16F7-4668-BE54-9A1E7A4F7556}") = "DataProvider", "V1\DataProvider\DataProvider.csproj", "{1303FE1D-A360-408E-AF08-F6EC4BEECA16}"
EndProject
Project("{9A19103F-16F7-4668-BE54-9A1E7A4F7556}") = "Entity", "V1\Entity\Entity.csproj", "{AED460F6-398F-4304-97F0-A526986A3FFE}"
EndProject
Project("{9A19103F-16F7-4668-BE54-9A1E7A4F7556}") = "EntityServiceProvider", "V1\EntityServiceProvider\EntityServiceProvider.csproj", "{917BE330-05AC-49DA-9C9B-1B8A191C0049}"
EndProject
Project("{9A19103F-16F7-4668-BE54-9A1E7A4F7556}") = "General", "V1\General\General.csproj", "{72EAA91B-3B24-42E5-B119-F19D6B6D48C8}"
EndProject
Project("{9A19103F-16F7-4668-BE54-9A1E7A4F7556}") = "HandyExecute", "V1\HandyExecute\HandyExecute.csproj", "{00D8CC47-0E5C-42E8-8444-57CE5651244B}"
EndProject
Project("{9A19103F-16F7-4668-BE54-9A1E7A4F7556}") = "Humate.RESTApi", "V1\Humate.RESTApi\Humate.RESTApi.csproj", "{64838884-01B7-4778-9B2B-A35E5375B207}"
EndProject
Project("{9A19103F-16F7-4668-BE54-9A1E7A4F7556}") = "Humate.Sdk", "V1\Humate.Sdk\Humate.Sdk.csproj", "{50C61C58-CD80-4007-8128-1EEBE8B26DE4}"
EndProject
Project("{9A19103F-16F7-4668-BE54-9A1E7A4F7556}") = "Humate.WASM", "V1\Humate.WASM\Humate.WASM.csproj", "{1B721481-EF18-4E52-A167-44B1718AF909}"
EndProject
Project("{9A19103F-16F7-4668-BE54-9A1E7A4F7556}") = "Humate.WASM.PreLoad", "V1\Humate.WASM.PreLoad\Humate.WASM.PreLoad.csproj", "{6551D885-C0C3-4C49-9E41-30619E02082F}"
EndProject
Project("{2150E333-8FDC-42A3-9474-1A3956D46DE8}") = "ServerSide", "ServerSide", "{C3D9FED0-4C8C-4C24-B9E0-A1A2C4A22B22}"
EndProject
Project("{2150E333-8FDC-42A3-9474-1A3956D46DE8}") = "SDK", "SDK", "{B1AFD730-192D-4676-A9B1-EC114334441E}"
EndProject
Project("{2150E333-8FDC-42A3-9474-1A3956D46DE8}") = "ClientSide", "ClientSide", "{314460AA-5114-4F82-BD02-452604A0E28B}"
EndProject
Global
	GlobalSection(SolutionConfigurationPlatforms) = preSolution
		Debug|Any CPU = Debug|Any CPU
		Release|Any CPU = Release|Any CPU
	EndGlobalSection
	GlobalSection(ProjectConfigurationPlatforms) = postSolution
		{130E56ED-75E2-42D7-93AC-21C742DDA6CF}.Debug|Any CPU.ActiveCfg = Debug|Any CPU
		{130E56ED-75E2-42D7-93AC-21C742DDA6CF}.Debug|Any CPU.Build.0 = Debug|Any CPU
		{130E56ED-75E2-42D7-93AC-21C742DDA6CF}.Release|Any CPU.ActiveCfg = Release|Any CPU
		{130E56ED-75E2-42D7-93AC-21C742DDA6CF}.Release|Any CPU.Build.0 = Release|Any CPU
		{010A0545-17AF-4DAE-B870-E4C48E0ABAF0}.Debug|Any CPU.ActiveCfg = Debug|Any CPU
		{010A0545-17AF-4DAE-B870-E4C48E0ABAF0}.Debug|Any CPU.Build.0 = Debug|Any CPU
		{010A0545-17AF-4DAE-B870-E4C48E0ABAF0}.Release|Any CPU.ActiveCfg = Release|Any CPU
		{010A0545-17AF-4DAE-B870-E4C48E0ABAF0}.Release|Any CPU.Build.0 = Release|Any CPU
		{F9CADA13-9445-4605-BD62-B9EB3DB5317A}.Debug|Any CPU.ActiveCfg = Debug|Any CPU
		{F9CADA13-9445-4605-BD62-B9EB3DB5317A}.Debug|Any CPU.Build.0 = Debug|Any CPU
		{F9CADA13-9445-4605-BD62-B9EB3DB5317A}.Release|Any CPU.ActiveCfg = Release|Any CPU
		{F9CADA13-9445-4605-BD62-B9EB3DB5317A}.Release|Any CPU.Build.0 = Release|Any CPU
		{971077BC-8D6F-4F4D-8512-B1DD4A745A26}.Debug|Any CPU.ActiveCfg = Debug|Any CPU
		{971077BC-8D6F-4F4D-8512-B1DD4A745A26}.Debug|Any CPU.Build.0 = Debug|Any CPU
		{971077BC-8D6F-4F4D-8512-B1DD4A745A26}.Release|Any CPU.ActiveCfg = Release|Any CPU
		{971077BC-8D6F-4F4D-8512-B1DD4A745A26}.Release|Any CPU.Build.0 = Release|Any CPU
		{C3DCC656-8145-43C6-BF48-D94F22D605E0}.Debug|Any CPU.ActiveCfg = Debug|Any CPU
		{C3DCC656-8145-43C6-BF48-D94F22D605E0}.Debug|Any CPU.Build.0 = Debug|Any CPU
		{C3DCC656-8145-43C6-BF48-D94F22D605E0}.Release|Any CPU.ActiveCfg = Release|Any CPU
		{C3DCC656-8145-43C6-BF48-D94F22D605E0}.Release|Any CPU.Build.0 = Release|Any CPU
		{B858CB23-2629-4509-B917-8A577C697375}.Debug|Any CPU.ActiveCfg = Debug|Any CPU
		{B858CB23-2629-4509-B917-8A577C697375}.Debug|Any CPU.Build.0 = Debug|Any CPU
		{B858CB23-2629-4509-B917-8A577C697375}.Release|Any CPU.ActiveCfg = Release|Any CPU
		{B858CB23-2629-4509-B917-8A577C697375}.Release|Any CPU.Build.0 = Release|Any CPU
		{1303FE1D-A360-408E-AF08-F6EC4BEECA16}.Debug|Any CPU.ActiveCfg = Debug|Any CPU
		{1303FE1D-A360-408E-AF08-F6EC4BEECA16}.Debug|Any CPU.Build.0 = Debug|Any CPU
		{1303FE1D-A360-408E-AF08-F6EC4BEECA16}.Release|Any CPU.ActiveCfg = Release|Any CPU
		{1303FE1D-A360-408E-AF08-F6EC4BEECA16}.Release|Any CPU.Build.0 = Release|Any CPU
		{AED460F6-398F-4304-97F0-A526986A3FFE}.Debug|Any CPU.ActiveCfg = Debug|Any CPU
		{AED460F6-398F-4304-97F0-A526986A3FFE}.Debug|Any CPU.Build.0 = Debug|Any CPU
		{AED460F6-398F-4304-97F0-A526986A3FFE}.Release|Any CPU.ActiveCfg = Release|Any CPU
		{AED460F6-398F-4304-97F0-A526986A3FFE}.Release|Any CPU.Build.0 = Release|Any CPU
		{917BE330-05AC-49DA-9C9B-1B8A191C0049}.Debug|Any CPU.ActiveCfg = Debug|Any CPU
		{917BE330-05AC-49DA-9C9B-1B8A191C0049}.Debug|Any CPU.Build.0 = Debug|Any CPU
		{917BE330-05AC-49DA-9C9B-1B8A191C0049}.Release|Any CPU.ActiveCfg = Release|Any CPU
		{917BE330-05AC-49DA-9C9B-1B8A191C0049}.Release|Any CPU.Build.0 = Release|Any CPU
		{72EAA91B-3B24-42E5-B119-F19D6B6D48C8}.Debug|Any CPU.ActiveCfg = Debug|Any CPU
		{72EAA91B-3B24-42E5-B119-F19D6B6D48C8}.Debug|Any CPU.Build.0 = Debug|Any CPU
		{72EAA91B-3B24-42E5-B119-F19D6B6D48C8}.Release|Any CPU.ActiveCfg = Release|Any CPU
		{72EAA91B-3B24-42E5-B119-F19D6B6D48C8}.Release|Any CPU.Build.0 = Release|Any CPU
		{00D8CC47-0E5C-42E8-8444-57CE5651244B}.Debug|Any CPU.ActiveCfg = Debug|Any CPU
		{00D8CC47-0E5C-42E8-8444-57CE5651244B}.Debug|Any CPU.Build.0 = Debug|Any CPU
		{00D8CC47-0E5C-42E8-8444-57CE5651244B}.Release|Any CPU.ActiveCfg = Release|Any CPU
		{00D8CC47-0E5C-42E8-8444-57CE5651244B}.Release|Any CPU.Build.0 = Release|Any CPU
		{64838884-01B7-4778-9B2B-A35E5375B207}.Debug|Any CPU.ActiveCfg = Debug|Any CPU
		{64838884-01B7-4778-9B2B-A35E5375B207}.Debug|Any CPU.Build.0 = Debug|Any CPU
		{64838884-01B7-4778-9B2B-A35E5375B207}.Release|Any CPU.ActiveCfg = Release|Any CPU
		{64838884-01B7-4778-9B2B-A35E5375B207}.Release|Any CPU.Build.0 = Release|Any CPU
		{50C61C58-CD80-4007-8128-1EEBE8B26DE4}.Debug|Any CPU.ActiveCfg = Debug|Any CPU
		{50C61C58-CD80-4007-8128-1EEBE8B26DE4}.Debug|Any CPU.Build.0 = Debug|Any CPU
		{50C61C58-CD80-4007-8128-1EEBE8B26DE4}.Release|Any CPU.ActiveCfg = Release|Any CPU
		{50C61C58-CD80-4007-8128-1EEBE8B26DE4}.Release|Any CPU.Build.0 = Release|Any CPU
		{1B721481-EF18-4E52-A167-44B1718AF909}.Debug|Any CPU.ActiveCfg = Debug|Any CPU
		{1B721481-EF18-4E52-A167-44B1718AF909}.Debug|Any CPU.Build.0 = Debug|Any CPU
		{1B721481-EF18-4E52-A167-44B1718AF909}.Release|Any CPU.ActiveCfg = Release|Any CPU
		{1B721481-EF18-4E52-A167-44B1718AF909}.Release|Any CPU.Build.0 = Release|Any CPU
		{6551D885-C0C3-4C49-9E41-30619E02082F}.Debug|Any CPU.ActiveCfg = Debug|Any CPU
		{6551D885-C0C3-4C49-9E41-30619E02082F}.Debug|Any CPU.Build.0 = Debug|Any CPU
		{6551D885-C0C3-4C49-9E41-30619E02082F}.Release|Any CPU.ActiveCfg = Release|Any CPU
		{6551D885-C0C3-4C49-9E41-30619E02082F}.Release|Any CPU.Build.0 = Release|Any CPU
	EndGlobalSection
	GlobalSection(SolutionProperties) = preSolution
		HideSolutionNode = FALSE
	EndGlobalSection
	GlobalSection(NestedProjects) = preSolution
		{8B1CF414-0CE6-417F-ADF5-439AAD18C32A} = {AB8BA903-47D8-4F78-8535-FE9E685D3A98}
		{424EADD2-AA3E-45BF-8B77-50F1F399618A} = {AB8BA903-47D8-4F78-8535-FE9E685D3A98}
		{3DB2FDDC-0A66-4F73-B3F7-D31003ABFAC7} = {AB8BA903-47D8-4F78-8535-FE9E685D3A98}
		{130E56ED-75E2-42D7-93AC-21C742DDA6CF} = {3DB2FDDC-0A66-4F73-B3F7-D31003ABFAC7}
		{010A0545-17AF-4DAE-B870-E4C48E0ABAF0} = {8B1CF414-0CE6-417F-ADF5-439AAD18C32A}
		{F9CADA13-9445-4605-BD62-B9EB3DB5317A} = {8B1CF414-0CE6-417F-ADF5-439AAD18C32A}
		{971077BC-8D6F-4F4D-8512-B1DD4A745A26} = {8B1CF414-0CE6-417F-ADF5-439AAD18C32A}
		{C3DCC656-8145-43C6-BF48-D94F22D605E0} = {8B1CF414-0CE6-417F-ADF5-439AAD18C32A}
		{B858CB23-2629-4509-B917-8A577C697375} = {424EADD2-AA3E-45BF-8B77-50F1F399618A}
		{1303FE1D-A360-408E-AF08-F6EC4BEECA16} = {C3D9FED0-4C8C-4C24-B9E0-A1A2C4A22B22}
		{AED460F6-398F-4304-97F0-A526986A3FFE} = {C3D9FED0-4C8C-4C24-B9E0-A1A2C4A22B22}
		{917BE330-05AC-49DA-9C9B-1B8A191C0049} = {C3D9FED0-4C8C-4C24-B9E0-A1A2C4A22B22}
		{72EAA91B-3B24-42E5-B119-F19D6B6D48C8} = {B1AFD730-192D-4676-A9B1-EC114334441E}
		{00D8CC47-0E5C-42E8-8444-57CE5651244B} = {BA899A37-72A0-4B87-9F03-94709ED2039F}
		{64838884-01B7-4778-9B2B-A35E5375B207} = {C3D9FED0-4C8C-4C24-B9E0-A1A2C4A22B22}
		{50C61C58-CD80-4007-8128-1EEBE8B26DE4} = {B1AFD730-192D-4676-A9B1-EC114334441E}
		{1B721481-EF18-4E52-A167-44B1718AF909} = {314460AA-5114-4F82-BD02-452604A0E28B}
		{6551D885-C0C3-4C49-9E41-30619E02082F} = {314460AA-5114-4F82-BD02-452604A0E28B}
		{C3D9FED0-4C8C-4C24-B9E0-A1A2C4A22B22} = {BA899A37-72A0-4B87-9F03-94709ED2039F}
		{B1AFD730-192D-4676-A9B1-EC114334441E} = {BA899A37-72A0-4B87-9F03-94709ED2039F}
		{314460AA-5114-4F82-BD02-452604A0E28B} = {BA899A37-72A0-4B87-9F03-94709ED2039F}
	EndGlobalSection
	GlobalSection(ExtensibilityGlobals) = postSolution
		SolutionGuid = {38C5DE02-D600-40CF-BE66-749B20705FFB}
	EndGlobalSection
EndGlobal
